
Microsoft Visual Studio Solution File, Format Version 12.00
# Visual Studio 15
VisualStudioVersion = 15.0.28307.539
MinimumVisualStudioVersion = 10.0.40219.1
Project("{00D1A9C2-B5F0-4AF3-8072-F6C62B433612}") = "DatawarehouseSucos", "DatawarehouseSucos\DatawarehouseSucos.sqlproj", "{96E3626D-26FA-4FD1-8155-5BDC9A8EE388}"
EndProject
Project("{159641D6-6404-4A2A-AE62-294DE0FE8301}") = "CargaDatawarehouse", "CargaDatawarehouse\CargaDatawarehouse.dtproj", "{577811C0-968D-4F7C-8225-AFB3331432CD}"
EndProject
Global
	GlobalSection(SolutionConfigurationPlatforms) = preSolution
		Debug|Any CPU = Debug|Any CPU
		Development|Any CPU = Development|Any CPU
		Release|Any CPU = Release|Any CPU
	EndGlobalSection
	GlobalSection(ProjectConfigurationPlatforms) = postSolution
		{96E3626D-26FA-4FD1-8155-5BDC9A8EE388}.Debug|Any CPU.ActiveCfg = Debug|Any CPU
		{96E3626D-26FA-4FD1-8155-5BDC9A8EE388}.Debug|Any CPU.Build.0 = Debug|Any CPU
		{96E3626D-26FA-4FD1-8155-5BDC9A8EE388}.Debug|Any CPU.Deploy.0 = Debug|Any CPU
		{96E3626D-26FA-4FD1-8155-5BDC9A8EE388}.Development|Any CPU.ActiveCfg = Debug|Any CPU
		{96E3626D-26FA-4FD1-8155-5BDC9A8EE388}.Development|Any CPU.Build.0 = Debug|Any CPU
		{96E3626D-26FA-4FD1-8155-5BDC9A8EE388}.Development|Any CPU.Deploy.0 = Debug|Any CPU
		{96E3626D-26FA-4FD1-8155-5BDC9A8EE388}.Release|Any CPU.ActiveCfg = Release|Any CPU
		{96E3626D-26FA-4FD1-8155-5BDC9A8EE388}.Release|Any CPU.Build.0 = Release|Any CPU
		{96E3626D-26FA-4FD1-8155-5BDC9A8EE388}.Release|Any CPU.Deploy.0 = Release|Any CPU
		{577811C0-968D-4F7C-8225-AFB3331432CD}.Debug|Any CPU.ActiveCfg = Development
		{577811C0-968D-4F7C-8225-AFB3331432CD}.Debug|Any CPU.Build.0 = Development
		{577811C0-968D-4F7C-8225-AFB3331432CD}.Development|Any CPU.ActiveCfg = Development
		{577811C0-968D-4F7C-8225-AFB3331432CD}.Development|Any CPU.Build.0 = Development
		{577811C0-968D-4F7C-8225-AFB3331432CD}.Release|Any CPU.ActiveCfg = Development
		{577811C0-968D-4F7C-8225-AFB3331432CD}.Release|Any CPU.Build.0 = Development
	EndGlobalSection
	GlobalSection(SolutionProperties) = preSolution
		HideSolutionNode = FALSE
	EndGlobalSection
	GlobalSection(ExtensibilityGlobals) = postSolution
		SolutionGuid = {9E613D08-613A-4C93-9601-51D586452E68}
	EndGlobalSection
EndGlobal
